
Microsoft Visual Studio Solution File, Format Version 12.00
# Visual Studio 14
VisualStudioVersion = 14.0.25420.1
MinimumVisualStudioVersion = 10.0.40219.1
Project("{FAE04EC0-301F-11D3-BF4B-00C04F79EFBC}") = "SkidarHoshiary", "SkidarHoshiary\SkidarHoshiary.csproj", "{B5C87BFF-7159-4EFA-ADA8-98EC6EE18C9D}"
EndProject
Project("{FAE04EC0-301F-11D3-BF4B-00C04F79EFBC}") = "Process", "Process\Process.csproj", "{EDD8A16B-0E12-4A6D-842B-E1D2EC2FB8D6}"
EndProject
Project("{FAE04EC0-301F-11D3-BF4B-00C04F79EFBC}") = "DAL", "DAL\DAL.csproj", "{C70DF6FD-EE43-4F20-84E5-F0532466D51B}"
EndProject
Global
	GlobalSection(SolutionConfigurationPlatforms) = preSolution
		Debug|Any CPU = Debug|Any CPU
		Release|Any CPU = Release|Any CPU
	EndGlobalSection
	GlobalSection(ProjectConfigurationPlatforms) = postSolution
		{B5C87BFF-7159-4EFA-ADA8-98EC6EE18C9D}.Debug|Any CPU.ActiveCfg = Debug|Any CPU
		{B5C87BFF-7159-4EFA-ADA8-98EC6EE18C9D}.Debug|Any CPU.Build.0 = Debug|Any CPU
		{B5C87BFF-7159-4EFA-ADA8-98EC6EE18C9D}.Release|Any CPU.ActiveCfg = Release|Any CPU
		{B5C87BFF-7159-4EFA-ADA8-98EC6EE18C9D}.Release|Any CPU.Build.0 = Release|Any CPU
		{EDD8A16B-0E12-4A6D-842B-E1D2EC2FB8D6}.Debug|Any CPU.ActiveCfg = Debug|Any CPU
		{EDD8A16B-0E12-4A6D-842B-E1D2EC2FB8D6}.Debug|Any CPU.Build.0 = Debug|Any CPU
		{EDD8A16B-0E12-4A6D-842B-E1D2EC2FB8D6}.Release|Any CPU.ActiveCfg = Release|Any CPU
		{EDD8A16B-0E12-4A6D-842B-E1D2EC2FB8D6}.Release|Any CPU.Build.0 = Release|Any CPU
		{C70DF6FD-EE43-4F20-84E5-F0532466D51B}.Debug|Any CPU.ActiveCfg = Debug|Any CPU
		{C70DF6FD-EE43-4F20-84E5-F0532466D51B}.Debug|Any CPU.Build.0 = Debug|Any CPU
		{C70DF6FD-EE43-4F20-84E5-F0532466D51B}.Release|Any CPU.ActiveCfg = Release|Any CPU
		{C70DF6FD-EE43-4F20-84E5-F0532466D51B}.Release|Any CPU.Build.0 = Release|Any CPU
	EndGlobalSection
	GlobalSection(SolutionProperties) = preSolution
		HideSolutionNode = FALSE
	EndGlobalSection
EndGlobal
